
Microsoft Visual Studio Solution File, Format Version 11.00
# Visual Studio 2010
Project("{FAE04EC0-301F-11D3-BF4B-00C04F79EFBC}") = "DalTest", "DalTest\DalTest.csproj", "{83E2A983-8D54-45BF-82A6-E6CCC0C245F3}"
EndProject
Global
	GlobalSection(SolutionConfigurationPlatforms) = preSolution
		Debug|Any CPU = Debug|Any CPU
		Release|Any CPU = Release|Any CPU
	EndGlobalSection
	GlobalSection(ProjectConfigurationPlatforms) = postSolution
		{83E2A983-8D54-45BF-82A6-E6CCC0C245F3}.Debug|Any CPU.ActiveCfg = Debug|Any CPU
		{83E2A983-8D54-45BF-82A6-E6CCC0C245F3}.Debug|Any CPU.Build.0 = Debug|Any CPU
		{83E2A983-8D54-45BF-82A6-E6CCC0C245F3}.Release|Any CPU.ActiveCfg = Release|Any CPU
		{83E2A983-8D54-45BF-82A6-E6CCC0C245F3}.Release|Any CPU.Build.0 = Release|Any CPU
	EndGlobalSection
	GlobalSection(SolutionProperties) = preSolution
		HideSolutionNode = FALSE
	EndGlobalSection
EndGlobal
