
Microsoft Visual Studio Solution File, Format Version 11.00
# Visual Studio 2010
Project("{FAE04EC0-301F-11D3-BF4B-00C04F79EFBC}") = "com.ctrip.sysdev.apptools.dao", "com.ctrip.sysdev.apptools.dao\com.ctrip.sysdev.apptools.dao.csproj", "{5AA69F75-7B1E-48E9-93E0-06D12BE22353}"
EndProject
Project("{FAE04EC0-301F-11D3-BF4B-00C04F79EFBC}") = "com.ctrip.sysdev.apptools.DemoDAO", "com.ctrip.sysdev.apptools.DemoDAO\com.ctrip.sysdev.apptools.DemoDAO.csproj", "{A35A13A7-0969-49DA-BF3E-845DB00F11FC}"
EndProject
Global
	GlobalSection(SolutionConfigurationPlatforms) = preSolution
		Debug|Any CPU = Debug|Any CPU
		Debug|Mixed Platforms = Debug|Mixed Platforms
		Debug|x86 = Debug|x86
		Release|Any CPU = Release|Any CPU
		Release|Mixed Platforms = Release|Mixed Platforms
		Release|x86 = Release|x86
	EndGlobalSection
	GlobalSection(ProjectConfigurationPlatforms) = postSolution
		{5AA69F75-7B1E-48E9-93E0-06D12BE22353}.Debug|Any CPU.ActiveCfg = Debug|x86
		{5AA69F75-7B1E-48E9-93E0-06D12BE22353}.Debug|Mixed Platforms.ActiveCfg = Debug|x86
		{5AA69F75-7B1E-48E9-93E0-06D12BE22353}.Debug|Mixed Platforms.Build.0 = Debug|x86
		{5AA69F75-7B1E-48E9-93E0-06D12BE22353}.Debug|x86.ActiveCfg = Debug|x86
		{5AA69F75-7B1E-48E9-93E0-06D12BE22353}.Debug|x86.Build.0 = Debug|x86
		{5AA69F75-7B1E-48E9-93E0-06D12BE22353}.Release|Any CPU.ActiveCfg = Release|x86
		{5AA69F75-7B1E-48E9-93E0-06D12BE22353}.Release|Mixed Platforms.ActiveCfg = Release|x86
		{5AA69F75-7B1E-48E9-93E0-06D12BE22353}.Release|Mixed Platforms.Build.0 = Release|x86
		{5AA69F75-7B1E-48E9-93E0-06D12BE22353}.Release|x86.ActiveCfg = Release|x86
		{5AA69F75-7B1E-48E9-93E0-06D12BE22353}.Release|x86.Build.0 = Release|x86
		{A35A13A7-0969-49DA-BF3E-845DB00F11FC}.Debug|Any CPU.ActiveCfg = Debug|Any CPU
		{A35A13A7-0969-49DA-BF3E-845DB00F11FC}.Debug|Any CPU.Build.0 = Debug|Any CPU
		{A35A13A7-0969-49DA-BF3E-845DB00F11FC}.Debug|Mixed Platforms.ActiveCfg = Debug|Any CPU
		{A35A13A7-0969-49DA-BF3E-845DB00F11FC}.Debug|Mixed Platforms.Build.0 = Debug|Any CPU
		{A35A13A7-0969-49DA-BF3E-845DB00F11FC}.Debug|x86.ActiveCfg = Debug|Any CPU
		{A35A13A7-0969-49DA-BF3E-845DB00F11FC}.Release|Any CPU.ActiveCfg = Release|Any CPU
		{A35A13A7-0969-49DA-BF3E-845DB00F11FC}.Release|Any CPU.Build.0 = Release|Any CPU
		{A35A13A7-0969-49DA-BF3E-845DB00F11FC}.Release|Mixed Platforms.ActiveCfg = Release|Any CPU
		{A35A13A7-0969-49DA-BF3E-845DB00F11FC}.Release|Mixed Platforms.Build.0 = Release|Any CPU
		{A35A13A7-0969-49DA-BF3E-845DB00F11FC}.Release|x86.ActiveCfg = Release|Any CPU
	EndGlobalSection
	GlobalSection(SolutionProperties) = preSolution
		HideSolutionNode = FALSE
	EndGlobalSection
EndGlobal
