
Microsoft Visual Studio Solution File, Format Version 11.00
# Visual Studio 2010
Project("{FAE04EC0-301F-11D3-BF4B-00C04F79EFBC}") = "platform.bll", "platform.bll\platform.bll.csproj", "{0C8D99A3-B821-45B5-B753-631242FD69FF}"
EndProject
Project("{FAE04EC0-301F-11D3-BF4B-00C04F79EFBC}") = "platform.dao", "platform.dao\platform.dao.csproj", "{0E1C9539-E6F2-4A42-BEEC-7AA6BC692A8F}"
EndProject
Project("{FAE04EC0-301F-11D3-BF4B-00C04F79EFBC}") = "platform.dao.mysql", "platform.dao.mysql\platform.dao.mysql.csproj", "{F7114938-1FD2-4370-BEA9-B6FCB0A14D85}"
EndProject
Project("{FAE04EC0-301F-11D3-BF4B-00C04F79EFBC}") = "platform.demo", "platform.demo\platform.demo.csproj", "{93980079-5BED-4479-B28A-D93DEF73E5AA}"
EndProject
Global
	GlobalSection(SolutionConfigurationPlatforms) = preSolution
		Debug|Any CPU = Debug|Any CPU
		Debug|Mixed Platforms = Debug|Mixed Platforms
		Debug|x86 = Debug|x86
		Release|Any CPU = Release|Any CPU
		Release|Mixed Platforms = Release|Mixed Platforms
		Release|x86 = Release|x86
	EndGlobalSection
	GlobalSection(ProjectConfigurationPlatforms) = postSolution
		{0C8D99A3-B821-45B5-B753-631242FD69FF}.Debug|Any CPU.ActiveCfg = Debug|x86
		{0C8D99A3-B821-45B5-B753-631242FD69FF}.Debug|Mixed Platforms.ActiveCfg = Debug|x86
		{0C8D99A3-B821-45B5-B753-631242FD69FF}.Debug|Mixed Platforms.Build.0 = Debug|x86
		{0C8D99A3-B821-45B5-B753-631242FD69FF}.Debug|x86.ActiveCfg = Debug|x86
		{0C8D99A3-B821-45B5-B753-631242FD69FF}.Debug|x86.Build.0 = Debug|x86
		{0C8D99A3-B821-45B5-B753-631242FD69FF}.Release|Any CPU.ActiveCfg = Release|x86
		{0C8D99A3-B821-45B5-B753-631242FD69FF}.Release|Mixed Platforms.ActiveCfg = Release|x86
		{0C8D99A3-B821-45B5-B753-631242FD69FF}.Release|Mixed Platforms.Build.0 = Release|x86
		{0C8D99A3-B821-45B5-B753-631242FD69FF}.Release|x86.ActiveCfg = Release|x86
		{0C8D99A3-B821-45B5-B753-631242FD69FF}.Release|x86.Build.0 = Release|x86
		{0E1C9539-E6F2-4A42-BEEC-7AA6BC692A8F}.Debug|Any CPU.ActiveCfg = Debug|Any CPU
		{0E1C9539-E6F2-4A42-BEEC-7AA6BC692A8F}.Debug|Any CPU.Build.0 = Debug|Any CPU
		{0E1C9539-E6F2-4A42-BEEC-7AA6BC692A8F}.Debug|Mixed Platforms.ActiveCfg = Debug|Any CPU
		{0E1C9539-E6F2-4A42-BEEC-7AA6BC692A8F}.Debug|Mixed Platforms.Build.0 = Debug|Any CPU
		{0E1C9539-E6F2-4A42-BEEC-7AA6BC692A8F}.Debug|x86.ActiveCfg = Debug|Any CPU
		{0E1C9539-E6F2-4A42-BEEC-7AA6BC692A8F}.Release|Any CPU.ActiveCfg = Release|Any CPU
		{0E1C9539-E6F2-4A42-BEEC-7AA6BC692A8F}.Release|Any CPU.Build.0 = Release|Any CPU
		{0E1C9539-E6F2-4A42-BEEC-7AA6BC692A8F}.Release|Mixed Platforms.ActiveCfg = Release|Any CPU
		{0E1C9539-E6F2-4A42-BEEC-7AA6BC692A8F}.Release|Mixed Platforms.Build.0 = Release|Any CPU
		{0E1C9539-E6F2-4A42-BEEC-7AA6BC692A8F}.Release|x86.ActiveCfg = Release|Any CPU
		{F7114938-1FD2-4370-BEA9-B6FCB0A14D85}.Debug|Any CPU.ActiveCfg = Debug|Any CPU
		{F7114938-1FD2-4370-BEA9-B6FCB0A14D85}.Debug|Any CPU.Build.0 = Debug|Any CPU
		{F7114938-1FD2-4370-BEA9-B6FCB0A14D85}.Debug|Mixed Platforms.ActiveCfg = Debug|Any CPU
		{F7114938-1FD2-4370-BEA9-B6FCB0A14D85}.Debug|Mixed Platforms.Build.0 = Debug|Any CPU
		{F7114938-1FD2-4370-BEA9-B6FCB0A14D85}.Debug|x86.ActiveCfg = Debug|Any CPU
		{F7114938-1FD2-4370-BEA9-B6FCB0A14D85}.Release|Any CPU.ActiveCfg = Release|Any CPU
		{F7114938-1FD2-4370-BEA9-B6FCB0A14D85}.Release|Any CPU.Build.0 = Release|Any CPU
		{F7114938-1FD2-4370-BEA9-B6FCB0A14D85}.Release|Mixed Platforms.ActiveCfg = Release|Any CPU
		{F7114938-1FD2-4370-BEA9-B6FCB0A14D85}.Release|Mixed Platforms.Build.0 = Release|Any CPU
		{F7114938-1FD2-4370-BEA9-B6FCB0A14D85}.Release|x86.ActiveCfg = Release|Any CPU
		{93980079-5BED-4479-B28A-D93DEF73E5AA}.Debug|Any CPU.ActiveCfg = Debug|Any CPU
		{93980079-5BED-4479-B28A-D93DEF73E5AA}.Debug|Any CPU.Build.0 = Debug|Any CPU
		{93980079-5BED-4479-B28A-D93DEF73E5AA}.Debug|Mixed Platforms.ActiveCfg = Debug|Any CPU
		{93980079-5BED-4479-B28A-D93DEF73E5AA}.Debug|Mixed Platforms.Build.0 = Debug|Any CPU
		{93980079-5BED-4479-B28A-D93DEF73E5AA}.Debug|x86.ActiveCfg = Debug|Any CPU
		{93980079-5BED-4479-B28A-D93DEF73E5AA}.Release|Any CPU.ActiveCfg = Release|Any CPU
		{93980079-5BED-4479-B28A-D93DEF73E5AA}.Release|Any CPU.Build.0 = Release|Any CPU
		{93980079-5BED-4479-B28A-D93DEF73E5AA}.Release|Mixed Platforms.ActiveCfg = Release|Any CPU
		{93980079-5BED-4479-B28A-D93DEF73E5AA}.Release|Mixed Platforms.Build.0 = Release|Any CPU
		{93980079-5BED-4479-B28A-D93DEF73E5AA}.Release|x86.ActiveCfg = Release|Any CPU
	EndGlobalSection
	GlobalSection(SolutionProperties) = preSolution
		HideSolutionNode = FALSE
	EndGlobalSection
EndGlobal
