
Microsoft Visual Studio Solution File, Format Version 11.00
# Visual Studio 2010
Project("{FAE04EC0-301F-11D3-BF4B-00C04F79EFBC}") = "CasTest", "CasTest\CasTest.csproj", "{4D6E9236-8C8A-45CE-A006-6237C9A31BBB}"
EndProject
Global
	GlobalSection(SolutionConfigurationPlatforms) = preSolution
		Debug|Any CPU = Debug|Any CPU
		Release|Any CPU = Release|Any CPU
	EndGlobalSection
	GlobalSection(ProjectConfigurationPlatforms) = postSolution
		{4D6E9236-8C8A-45CE-A006-6237C9A31BBB}.Debug|Any CPU.ActiveCfg = Debug|Any CPU
		{4D6E9236-8C8A-45CE-A006-6237C9A31BBB}.Debug|Any CPU.Build.0 = Debug|Any CPU
		{4D6E9236-8C8A-45CE-A006-6237C9A31BBB}.Release|Any CPU.ActiveCfg = Release|Any CPU
		{4D6E9236-8C8A-45CE-A006-6237C9A31BBB}.Release|Any CPU.Build.0 = Release|Any CPU
	EndGlobalSection
	GlobalSection(SolutionProperties) = preSolution
		HideSolutionNode = FALSE
	EndGlobalSection
EndGlobal
